// !$*UTF8*$!
{
	archiveVersion = 1;
	classes = {
	};
	objectVersion = 50;
	objects = {

/* Begin PBXBuildFile section */
		7C972E83273042D400F60D31 /* AppDelegate.swift in Sources */ = {isa = PBXBuildFile; fileRef = 7C972E82273042D400F60D31 /* AppDelegate.swift */; };
		7C972E85273042D400F60D31 /* SceneDelegate.swift in Sources */ = {isa = PBXBuildFile; fileRef = 7C972E84273042D400F60D31 /* SceneDelegate.swift */; };
		7C972E87273042D400F60D31 /* ViewController.swift in Sources */ = {isa = PBXBuildFile; fileRef = 7C972E86273042D400F60D31 /* ViewController.swift */; };
		7C972E8A273042D400F60D31 /* Main.storyboard in Resources */ = {isa = PBXBuildFile; fileRef = 7C972E88273042D400F60D31 /* Main.storyboard */; };
		7C972E8C273042EB00F60D31 /* Assets.xcassets in Resources */ = {isa = PBXBuildFile; fileRef = 7C972E8B273042EB00F60D31 /* Assets.xcassets */; };
		7C972E8F273042EB00F60D31 /* LaunchScreen.storyboard in Resources */ = {isa = PBXBuildFile; fileRef = 7C972E8D273042EB00F60D31 /* LaunchScreen.storyboard */; };
		FCC44E339F8BFBD7495667EA /* Pods_KATask.framework in Frameworks */ = {isa = PBXBuildFile; fileRef = 0888AFDE1272992D1D8A95D3 /* Pods_KATask.framework */; };
/* End PBXBuildFile section */

/* Begin PBXFileReference section */
		0888AFDE1272992D1D8A95D3 /* Pods_KATask.framework */ = {isa = PBXFileReference; explicitFileType = wrapper.framework; includeInIndex = 0; path = Pods_KATask.framework; sourceTree = BUILT_PRODUCTS_DIR; };
		7C453528478E409D426DDDDE /* Pods-KATask.debug.xcconfig */ = {isa = PBXFileReference; includeInIndex = 1; lastKnownFileType = text.xcconfig; name = "Pods-KATask.debug.xcconfig"; path = "Target Support Files/Pods-KATask/Pods-KATask.debug.xcconfig"; sourceTree = "<group>"; };
		7C972E7F273042D400F60D31 /* KATask.app */ = {isa = PBXFileReference; explicitFileType = wrapper.application; includeInIndex = 0; path = KATask.app; sourceTree = BUILT_PRODUCTS_DIR; };
		7C972E82273042D400F60D31 /* AppDelegate.swift */ = {isa = PBXFileReference; lastKnownFileType = sourcecode.swift; path = AppDelegate.swift; sourceTree = "<group>"; };
		7C972E84273042D400F60D31 /* SceneDelegate.swift */ = {isa = PBXFileReference; lastKnownFileType = sourcecode.swift; path = SceneDelegate.swift; sourceTree = "<group>"; };
		7C972E86273042D400F60D31 /* ViewController.swift */ = {isa = PBXFileReference; lastKnownFileType = sourcecode.swift; path = ViewController.swift; sourceTree = "<group>"; };
		7C972E89273042D400F60D31 /* Base */ = {isa = PBXFileReference; lastKnownFileType = file.storyboard; name = Base; path = Base.lproj/Main.storyboard; sourceTree = "<group>"; };
		7C972E8B273042EB00F60D31 /* Assets.xcassets */ = {isa = PBXFileReference; lastKnownFileType = folder.assetcatalog; path = Assets.xcassets; sourceTree = "<group>"; };
		7C972E8E273042EB00F60D31 /* Base */ = {isa = PBXFileReference; lastKnownFileType = file.storyboard; name = Base; path = Base.lproj/LaunchScreen.storyboard; sourceTree = "<group>"; };
		7C972E90273042EB00F60D31 /* Info.plist */ = {isa = PBXFileReference; lastKnownFileType = text.plist.xml; path = Info.plist; sourceTree = "<group>"; };
		F818CB38C4F08ACBEABC4A76 /* Pods-KATask.release.xcconfig */ = {isa = PBXFileReference; includeInIndex = 1; lastKnownFileType = text.xcconfig; name = "Pods-KATask.release.xcconfig"; path = "Target Support Files/Pods-KATask/Pods-KATask.release.xcconfig"; sourceTree = "<group>"; };
/* End PBXFileReference section */

/* Begin PBXFrameworksBuildPhase section */
		7C972E7C273042D300F60D31 /* Frameworks */ = {
			isa = PBXFrameworksBuildPhase;
			buildActionMask = 2147483647;
			files = (
				FCC44E339F8BFBD7495667EA /* Pods_KATask.framework in Frameworks */,
			);
			runOnlyForDeploymentPostprocessing = 0;
		};
/* End PBXFrameworksBuildPhase section */

/* Begin PBXGroup section */
		51D92B3E35EA290E776BA835 /* Frameworks */ = {
			isa = PBXGroup;
			children = (
				0888AFDE1272992D1D8A95D3 /* Pods_KATask.framework */,
			);
			name = Frameworks;
			sourceTree = "<group>";
		};
		7C972E76273042D300F60D31 = {
			isa = PBXGroup;
			children = (
				7C972E81273042D400F60D31 /* KATask */,
				7C972E80273042D400F60D31 /* Products */,
				AEBA9BE25A4A4838CDE2EB44 /* Pods */,
				51D92B3E35EA290E776BA835 /* Frameworks */,
			);
			sourceTree = "<group>";
		};
		7C972E80273042D400F60D31 /* Products */ = {
			isa = PBXGroup;
			children = (
				7C972E7F273042D400F60D31 /* KATask.app */,
			);
			name = Products;
			sourceTree = "<group>";
		};
		7C972E81273042D400F60D31 /* KATask */ = {
			isa = PBXGroup;
			children = (
				7C972E82273042D400F60D31 /* AppDelegate.swift */,
				7C972E84273042D400F60D31 /* SceneDelegate.swift */,
				7C972E86273042D400F60D31 /* ViewController.swift */,
				7C972E88273042D400F60D31 /* Main.storyboard */,
				7C972E8B273042EB00F60D31 /* Assets.xcassets */,
				7C972E8D273042EB00F60D31 /* LaunchScreen.storyboard */,
				7C972E90273042EB00F60D31 /* Info.plist */,
			);
			path = KATask;
			sourceTree = "<group>";
		};
		AEBA9BE25A4A4838CDE2EB44 /* Pods */ = {
			isa = PBXGroup;
			children = (
				7C453528478E409D426DDDDE /* Pods-KATask.debug.xcconfig */,
				F818CB38C4F08ACBEABC4A76 /* Pods-KATask.release.xcconfig */,
			);
			name = Pods;
			path = Pods;
			sourceTree = "<group>";
		};
/* End PBXGroup section */

/* Begin PBXNativeTarget section */
		7C972E7E273042D300F60D31 /* KATask */ = {
			isa = PBXNativeTarget;
			buildConfigurationList = 7C972E93273042EB00F60D31 /* Build configuration list for PBXNativeTarget "KATask" */;
			buildPhases = (
				BABC75A0C5880C83DE27AAA4 /* [CP] Check Pods Manifest.lock */,
				7C972E7B273042D300F60D31 /* Sources */,
				7C972E7C273042D300F60D31 /* Frameworks */,
				7C972E7D273042D300F60D31 /* Resources */,
				5DE297B7407D099E036F32A1 /* [CP] Embed Pods Frameworks */,
				1979915BC4D8A6F9824F676C /* [CP] Copy Pods Resources */,
			);
			buildRules = (
			);
			dependencies = (
			);
			name = KATask;
			productName = KATask;
			productReference = 7C972E7F273042D400F60D31 /* KATask.app */;
			productType = "com.apple.product-type.application";
		};
/* End PBXNativeTarget section */

/* Begin PBXProject section */
		7C972E77273042D300F60D31 /* Project object */ = {
			isa = PBXProject;
			attributes = {
				LastSwiftUpdateCheck = 1250;
				LastUpgradeCheck = 1250;
				TargetAttributes = {
					7C972E7E273042D300F60D31 = {
						CreatedOnToolsVersion = 12.5.1;
					};
				};
			};
			buildConfigurationList = 7C972E7A273042D300F60D31 /* Build configuration list for PBXProject "KATask" */;
			compatibilityVersion = "Xcode 9.3";
			developmentRegion = en;
			hasScannedForEncodings = 0;
			knownRegions = (
				en,
				Base,
			);
			mainGroup = 7C972E76273042D300F60D31;
			productRefGroup = 7C972E80273042D400F60D31 /* Products */;
			projectDirPath = "";
			projectRoot = "";
			targets = (
				7C972E7E273042D300F60D31 /* KATask */,
			);
		};
/* End PBXProject section */

/* Begin PBXResourcesBuildPhase section */
		7C972E7D273042D300F60D31 /* Resources */ = {
			isa = PBXResourcesBuildPhase;
			buildActionMask = 2147483647;
			files = (
				7C972E8F273042EB00F60D31 /* LaunchScreen.storyboard in Resources */,
				7C972E8C273042EB00F60D31 /* Assets.xcassets in Resources */,
				7C972E8A273042D400F60D31 /* Main.storyboard in Resources */,
			);
			runOnlyForDeploymentPostprocessing = 0;
		};
/* End PBXResourcesBuildPhase section */

/* Begin PBXShellScriptBuildPhase section */
		1979915BC4D8A6F9824F676C /* [CP] Copy Pods Resources */ = {
			isa = PBXShellScriptBuildPhase;
			buildActionMask = 2147483647;
			files = (
			);
			inputFileListPaths = (
				"${PODS_ROOT}/Target Support Files/Pods-KATask/Pods-KATask-resources-${CONFIGURATION}-input-files.xcfilelist",
			);
			name = "[CP] Copy Pods Resources";
			outputFileListPaths = (
				"${PODS_ROOT}/Target Support Files/Pods-KATask/Pods-KATask-resources-${CONFIGURATION}-output-files.xcfilelist",
			);
			runOnlyForDeploymentPostprocessing = 0;
			shellPath = /bin/sh;
			shellScript = "\"${PODS_ROOT}/Target Support Files/Pods-KATask/Pods-KATask-resources.sh\"\n";
			showEnvVarsInLog = 0;
		};
		5DE297B7407D099E036F32A1 /* [CP] Embed Pods Frameworks */ = {
			isa = PBXShellScriptBuildPhase;
			buildActionMask = 2147483647;
			files = (
			);
			inputFileListPaths = (
				"${PODS_ROOT}/Target Support Files/Pods-KATask/Pods-KATask-frameworks-${CONFIGURATION}-input-files.xcfilelist",
			);
			name = "[CP] Embed Pods Frameworks";
			outputFileListPaths = (
				"${PODS_ROOT}/Target Support Files/Pods-KATask/Pods-KATask-frameworks-${CONFIGURATION}-output-files.xcfilelist",
			);
			runOnlyForDeploymentPostprocessing = 0;
			shellPath = /bin/sh;
			shellScript = "\"${PODS_ROOT}/Target Support Files/Pods-KATask/Pods-KATask-frameworks.sh\"\n";
			showEnvVarsInLog = 0;
		};
		BABC75A0C5880C83DE27AAA4 /* [CP] Check Pods Manifest.lock */ = {
			isa = PBXShellScriptBuildPhase;
			buildActionMask = 2147483647;
			files = (
			);
			inputFileListPaths = (
			);
			inputPaths = (
				"${PODS_PODFILE_DIR_PATH}/Podfile.lock",
				"${PODS_ROOT}/Manifest.lock",
			);
			name = "[CP] Check Pods Manifest.lock";
			outputFileListPaths = (
			);
			outputPaths = (
				"$(DERIVED_FILE_DIR)/Pods-KATask-checkManifestLockResult.txt",
			);
			runOnlyForDeploymentPostprocessing = 0;
			shellPath = /bin/sh;
			shellScript = "diff \"${PODS_PODFILE_DIR_PATH}/Podfile.lock\" \"${PODS_ROOT}/Manifest.lock\" > /dev/null\nif [ $? != 0 ] ; then\n    # print error to STDERR\n    echo \"error: The sandbox is not in sync with the Podfile.lock. Run 'pod install' or update your CocoaPods installation.\" >&2\n    exit 1\nfi\n# This output is used by Xcode 'outputs' to avoid re-running this script phase.\necho \"SUCCESS\" > \"${SCRIPT_OUTPUT_FILE_0}\"\n";
			showEnvVarsInLog = 0;
		};
/* End PBXShellScriptBuildPhase section */

/* Begin PBXSourcesBuildPhase section */
		7C972E7B273042D300F60D31 /* Sources */ = {
			isa = PBXSourcesBuildPhase;
			buildActionMask = 2147483647;
			files = (
				7C972E87273042D400F60D31 /* ViewController.swift in Sources */,
				7C972E83273042D400F60D31 /* AppDelegate.swift in Sources */,
				7C972E85273042D400F60D31 /* SceneDelegate.swift in Sources */,
			);
			runOnlyForDeploymentPostprocessing = 0;
		};
/* End PBXSourcesBuildPhase section */

/* Begin PBXVariantGroup section */
		7C972E88273042D400F60D31 /* Main.storyboard */ = {
			isa = PBXVariantGroup;
			children = (
				7C972E89273042D400F60D31 /* Base */,
			);
			name = Main.storyboard;
			sourceTree = "<group>";
		};
		7C972E8D273042EB00F60D31 /* LaunchScreen.storyboard */ = {
			isa = PBXVariantGroup;
			children = (
				7C972E8E273042EB00F60D31 /* Base */,
			);
			name = LaunchScreen.storyboard;
			sourceTree = "<group>";
		};
/* End PBXVariantGroup section */

/* Begin XCBuildConfiguration section */
		7C972E91273042EB00F60D31 /* Debug */ = {
			isa = XCBuildConfiguration;
			buildSettings = {
				ALWAYS_SEARCH_USER_PATHS = NO;
				CLANG_ANALYZER_NONNULL = YES;
				CLANG_ANALYZER_NUMBER_OBJECT_CONVERSION = YES_AGGRESSIVE;
				CLANG_CXX_LANGUAGE_STANDARD = "gnu++14";
				CLANG_CXX_LIBRARY = "libc++";
				CLANG_ENABLE_MODULES = YES;
				CLANG_ENABLE_OBJC_ARC = YES;
				CLANG_ENABLE_OBJC_WEAK = YES;
				CLANG_WARN_BLOCK_CAPTURE_AUTORELEASING = YES;
				CLANG_WARN_BOOL_CONVERSION = YES;
				CLANG_WARN_COMMA = YES;
				CLANG_WARN_CONSTANT_CONVERSION = YES;
				CLANG_WARN_DEPRECATED_OBJC_IMPLEMENTATIONS = YES;
				CLANG_WARN_DIRECT_OBJC_ISA_USAGE = YES_ERROR;
				CLANG_WARN_DOCUMENTATION_COMMENTS = YES;
				CLANG_WARN_EMPTY_BODY = YES;
				CLANG_WARN_ENUM_CONVERSION = YES;
				CLANG_WARN_INFINITE_RECURSION = YES;
				CLANG_WARN_INT_CONVERSION = YES;
				CLANG_WARN_NON_LITERAL_NULL_CONVERSION = YES;
				CLANG_WARN_OBJC_IMPLICIT_RETAIN_SELF = YES;
				CLANG_WARN_OBJC_LITERAL_CONVERSION = YES;
				CLANG_WARN_OBJC_ROOT_CLASS = YES_ERROR;
				CLANG_WARN_QUOTED_INCLUDE_IN_FRAMEWORK_HEADER = YES;
				CLANG_WARN_RANGE_LOOP_ANALYSIS = YES;
				CLANG_WARN_STRICT_PROTOTYPES = YES;
				CLANG_WARN_SUSPICIOUS_MOVE = YES;
				CLANG_WARN_UNGUARDED_AVAILABILITY = YES_AGGRESSIVE;
				CLANG_WARN_UNREACHABLE_CODE = YES;
				CLANG_WARN__DUPLICATE_METHOD_MATCH = YES;
				COPY_PHASE_STRIP = NO;
				DEBUG_INFORMATION_FORMAT = dwarf;
				ENABLE_STRICT_OBJC_MSGSEND = YES;
				ENABLE_TESTABILITY = YES;
				GCC_C_LANGUAGE_STANDARD = gnu11;
				GCC_DYNAMIC_NO_PIC = NO;
				GCC_NO_COMMON_BLOCKS = YES;
				GCC_OPTIMIZATION_LEVEL = 0;
				GCC_PREPROCESSOR_DEFINITIONS = (
					"DEBUG=1",
					"$(inherited)",
				);
				GCC_WARN_64_TO_32_BIT_CONVERSION = YES;
				GCC_WARN_ABOUT_RETURN_TYPE = YES_ERROR;
				GCC_WARN_UNDECLARED_SELECTOR = YES;
				GCC_WARN_UNINITIALIZED_AUTOS = YES_AGGRESSIVE;
				GCC_WARN_UNUSED_FUNCTION = YES;
				GCC_WARN_UNUSED_VARIABLE = YES;
				IPHONEOS_DEPLOYMENT_TARGET = 14.5;
				MTL_ENABLE_DEBUG_INFO = INCLUDE_SOURCE;
				MTL_FAST_MATH = YES;
				ONLY_ACTIVE_ARCH = YES;
				SDKROOT = iphoneos;
				SWIFT_ACTIVE_COMPILATION_CONDITIONS = DEBUG;
				SWIFT_OPTIMIZATION_LEVEL = "-Onone";
			};
			name = Debug;
		};
		7C972E92273042EB00F60D31 /* Release */ = {
			isa = XCBuildConfiguration;
			buildSettings = {
				ALWAYS_SEARCH_USER_PATHS = NO;
				CLANG_ANALYZER_NONNULL = YES;
				CLANG_ANALYZER_NUMBER_OBJECT_CONVERSION = YES_AGGRESSIVE;
				CLANG_CXX_LANGUAGE_STANDARD = "gnu++14";
				CLANG_CXX_LIBRARY = "libc++";
				CLANG_ENABLE_MODULES = YES;
				CLANG_ENABLE_OBJC_ARC = YES;
				CLANG_ENABLE_OBJC_WEAK = YES;
				CLANG_WARN_BLOCK_CAPTURE_AUTORELEASING = YES;
				CLANG_WARN_BOOL_CONVERSION = YES;
				CLANG_WARN_COMMA = YES;
				CLANG_WARN_CONSTANT_CONVERSION = YES;
				CLANG_WARN_DEPRECATED_OBJC_IMPLEMENTATIONS = YES;
				CLANG_WARN_DIRECT_OBJC_ISA_USAGE = YES_ERROR;
				CLANG_WARN_DOCUMENTATION_COMMENTS = YES;
				CLANG_WARN_EMPTY_BODY = YES;
				CLANG_WARN_ENUM_CONVERSION = YES;
				CLANG_WARN_INFINITE_RECURSION = YES;
				CLANG_WARN_INT_CONVERSION = YES;
				CLANG_WARN_NON_LITERAL_NULL_CONVERSION = YES;
				CLANG_WARN_OBJC_IMPLICIT_RETAIN_SELF = YES;
				CLANG_WARN_OBJC_LITERAL_CONVERSION = YES;
				CLANG_WARN_OBJC_ROOT_CLASS = YES_ERROR;
				CLANG_WARN_QUOTED_INCLUDE_IN_FRAMEWORK_HEADER = YES;
				CLANG_WARN_RANGE_LOOP_ANALYSIS = YES;
				CLANG_WARN_STRICT_PROTOTYPES = YES;
				CLANG_WARN_SUSPICIOUS_MOVE = YES;
				CLANG_WARN_UNGUARDED_AVAILABILITY = YES_AGGRESSIVE;
				CLANG_WARN_UNREACHABLE_CODE = YES;
				CLANG_WARN__DUPLICATE_METHOD_MATCH = YES;
				COPY_PHASE_STRIP = NO;
				DEBUG_INFORMATION_FORMAT = "dwarf-with-dsym";
				ENABLE_NS_ASSERTIONS = NO;
				ENABLE_STRICT_OBJC_MSGSEND = YES;
				GCC_C_LANGUAGE_STANDARD = gnu11;
				GCC_NO_COMMON_BLOCKS = YES;
				GCC_WARN_64_TO_32_BIT_CONVERSION = YES;
				GCC_WARN_ABOUT_RETURN_TYPE = YES_ERROR;
				GCC_WARN_UNDECLARED_SELECTOR = YES;
				GCC_WARN_UNINITIALIZED_AUTOS = YES_AGGRESSIVE;
				GCC_WARN_UNUSED_FUNCTION = YES;
				GCC_WARN_UNUSED_VARIABLE = YES;
				IPHONEOS_DEPLOYMENT_TARGET = 14.5;
				MTL_ENABLE_DEBUG_INFO = NO;
				MTL_FAST_MATH = YES;
				SDKROOT = iphoneos;
				SWIFT_COMPILATION_MODE = wholemodule;
				SWIFT_OPTIMIZATION_LEVEL = "-O";
				VALIDATE_PRODUCT = YES;
			};
			name = Release;
		};
		7C972E94273042EB00F60D31 /* Debug */ = {
			isa = XCBuildConfiguration;
			baseConfigurationReference = 7C453528478E409D426DDDDE /* Pods-KATask.debug.xcconfig */;
			buildSettings = {
				ASSETCATALOG_COMPILER_APPICON_NAME = AppIcon;
				ASSETCATALOG_COMPILER_GLOBAL_ACCENT_COLOR_NAME = AccentColor;
				CODE_SIGN_STYLE = Automatic;
				INFOPLIST_FILE = KATask/Info.plist;
				LD_RUNPATH_SEARCH_PATHS = (
					"$(inherited)",
					"@executable_path/Frameworks",
				);
				PRODUCT_BUNDLE_IDENTIFIER = com.Learning.KATask;
				PRODUCT_NAME = "$(TARGET_NAME)";
				SWIFT_VERSION = 5.0;
				TARGETED_DEVICE_FAMILY = "1,2";
			};
			name = Debug;
		};
		7C972E95273042EB00F60D31 /* Release */ = {
			isa = XCBuildConfiguration;
			baseConfigurationReference = F818CB38C4F08ACBEABC4A76 /* Pods-KATask.release.xcconfig */;
			buildSettings = {
				ASSETCATALOG_COMPILER_APPICON_NAME = AppIcon;
				ASSETCATALOG_COMPILER_GLOBAL_ACCENT_COLOR_NAME = AccentColor;
				CODE_SIGN_STYLE = Automatic;
				INFOPLIST_FILE = KATask/Info.plist;
				LD_RUNPATH_SEARCH_PATHS = (
					"$(inherited)",
					"@executable_path/Frameworks",
				);
				PRODUCT_BUNDLE_IDENTIFIER = com.Learning.KATask;
				PRODUCT_NAME = "$(TARGET_NAME)";
				SWIFT_VERSION = 5.0;
				TARGETED_DEVICE_FAMILY = "1,2";
			};
			name = Release;
		};
/* End XCBuildConfiguration section */

/* Begin XCConfigurationList section */
		7C972E7A273042D300F60D31 /* Build configuration list for PBXProject "KATask" */ = {
			isa = XCConfigurationList;
			buildConfigurations = (
				7C972E91273042EB00F60D31 /* Debug */,
				7C972E92273042EB00F60D31 /* Release */,
			);
			defaultConfigurationIsVisible = 0;
			defaultConfigurationName = Release;
		};
		7C972E93273042EB00F60D31 /* Build configuration list for PBXNativeTarget "KATask" */ = {
			isa = XCConfigurationList;
			buildConfigurations = (
				7C972E94273042EB00F60D31 /* Debug */,
				7C972E95273042EB00F60D31 /* Release */,
			);
			defaultConfigurationIsVisible = 0;
			defaultConfigurationName = Release;
		};
/* End XCConfigurationList section */
	};
	rootObject = 7C972E77273042D300F60D31 /* Project object */;
}
